
Microsoft Visual Studio Solution File, Format Version 12.00
# Visual Studio 14
VisualStudioVersion = 14.0.25420.1
MinimumVisualStudioVersion = 10.0.40219.1
Project("{E24C65DC-7377-472B-9ABA-BC803B73C61A}") = "购机送花PC", "购机送花PC\", "{3E62550A-1F38-48E3-B9FA-B100FA911BE7}"
	ProjectSection(WebsiteProperties) = preProject
		TargetFrameworkMoniker = ".NETFramework,Version%3Dv4.0"
		Debug.AspNetCompiler.VirtualPath = "/localhost_53943"
		Debug.AspNetCompiler.PhysicalPath = "购机送花PC\"
		Debug.AspNetCompiler.TargetPath = "PrecompiledWeb\localhost_53943\"
		Debug.AspNetCompiler.Updateable = "true"
		Debug.AspNetCompiler.ForceOverwrite = "true"
		Debug.AspNetCompiler.FixedNames = "false"
		Debug.AspNetCompiler.Debug = "True"
		Release.AspNetCompiler.VirtualPath = "/localhost_53943"
		Release.AspNetCompiler.PhysicalPath = "购机送花PC\"
		Release.AspNetCompiler.TargetPath = "PrecompiledWeb\localhost_53943\"
		Release.AspNetCompiler.Updateable = "true"
		Release.AspNetCompiler.ForceOverwrite = "true"
		Release.AspNetCompiler.FixedNames = "false"
		Release.AspNetCompiler.Debug = "False"
		VWDPort = "53943"
		SlnRelativePath = "购机送花PC\"
	EndProjectSection
EndProject
Project("{E24C65DC-7377-472B-9ABA-BC803B73C61A}") = "综合页入口PC", "综合页入口PC\", "{4D1D3C87-719E-4B56-A353-AFD57F1CA457}"
	ProjectSection(WebsiteProperties) = preProject
		TargetFrameworkMoniker = ".NETFramework,Version%3Dv4.0"
		Debug.AspNetCompiler.VirtualPath = "/localhost_54108"
		Debug.AspNetCompiler.PhysicalPath = "综合页入口PC\"
		Debug.AspNetCompiler.TargetPath = "PrecompiledWeb\localhost_54108\"
		Debug.AspNetCompiler.Updateable = "true"
		Debug.AspNetCompiler.ForceOverwrite = "true"
		Debug.AspNetCompiler.FixedNames = "false"
		Debug.AspNetCompiler.Debug = "True"
		Release.AspNetCompiler.VirtualPath = "/localhost_54108"
		Release.AspNetCompiler.PhysicalPath = "综合页入口PC\"
		Release.AspNetCompiler.TargetPath = "PrecompiledWeb\localhost_54108\"
		Release.AspNetCompiler.Updateable = "true"
		Release.AspNetCompiler.ForceOverwrite = "true"
		Release.AspNetCompiler.FixedNames = "false"
		Release.AspNetCompiler.Debug = "False"
		VWDPort = "54108"
		SlnRelativePath = "综合页入口PC\"
	EndProjectSection
EndProject
Project("{E24C65DC-7377-472B-9ABA-BC803B73C61A}") = "综合页入口Mobile", "综合页入口Mobile\", "{12C47811-08DF-4C63-816B-AF6CA79DFE02}"
	ProjectSection(WebsiteProperties) = preProject
		TargetFrameworkMoniker = ".NETFramework,Version%3Dv4.0"
		Debug.AspNetCompiler.VirtualPath = "/localhost_54235"
		Debug.AspNetCompiler.PhysicalPath = "综合页入口Mobile\"
		Debug.AspNetCompiler.TargetPath = "PrecompiledWeb\localhost_54235\"
		Debug.AspNetCompiler.Updateable = "true"
		Debug.AspNetCompiler.ForceOverwrite = "true"
		Debug.AspNetCompiler.FixedNames = "false"
		Debug.AspNetCompiler.Debug = "True"
		Release.AspNetCompiler.VirtualPath = "/localhost_54235"
		Release.AspNetCompiler.PhysicalPath = "综合页入口Mobile\"
		Release.AspNetCompiler.TargetPath = "PrecompiledWeb\localhost_54235\"
		Release.AspNetCompiler.Updateable = "true"
		Release.AspNetCompiler.ForceOverwrite = "true"
		Release.AspNetCompiler.FixedNames = "false"
		Release.AspNetCompiler.Debug = "False"
		VWDPort = "54235"
		SlnRelativePath = "综合页入口Mobile\"
	EndProjectSection
EndProject
Global
	GlobalSection(SolutionConfigurationPlatforms) = preSolution
		Debug|Any CPU = Debug|Any CPU
	EndGlobalSection
	GlobalSection(ProjectConfigurationPlatforms) = postSolution
		{3E62550A-1F38-48E3-B9FA-B100FA911BE7}.Debug|Any CPU.ActiveCfg = Debug|Any CPU
		{3E62550A-1F38-48E3-B9FA-B100FA911BE7}.Debug|Any CPU.Build.0 = Debug|Any CPU
		{4D1D3C87-719E-4B56-A353-AFD57F1CA457}.Debug|Any CPU.ActiveCfg = Debug|Any CPU
		{4D1D3C87-719E-4B56-A353-AFD57F1CA457}.Debug|Any CPU.Build.0 = Debug|Any CPU
		{12C47811-08DF-4C63-816B-AF6CA79DFE02}.Debug|Any CPU.ActiveCfg = Debug|Any CPU
		{12C47811-08DF-4C63-816B-AF6CA79DFE02}.Debug|Any CPU.Build.0 = Debug|Any CPU
	EndGlobalSection
	GlobalSection(SolutionProperties) = preSolution
		HideSolutionNode = FALSE
	EndGlobalSection
EndGlobal
